// !$*UTF8*$!
{
	archiveVersion = 1;
	classes = {
	};
	objectVersion = 55;
	objects = {

/* Begin PBXBuildFile section */
		DE3AC84527DA32B200C65B65 /* AppDelegate.swift in Sources */ = {isa = PBXBuildFile; fileRef = DE3AC84427DA32B200C65B65 /* AppDelegate.swift */; };
		DE3AC84727DA32B200C65B65 /* SceneDelegate.swift in Sources */ = {isa = PBXBuildFile; fileRef = DE3AC84627DA32B200C65B65 /* SceneDelegate.swift */; };
		DE3AC84E27DA32B400C65B65 /* Assets.xcassets in Resources */ = {isa = PBXBuildFile; fileRef = DE3AC84D27DA32B400C65B65 /* Assets.xcassets */; };
		DE3AC85127DA32B400C65B65 /* LaunchScreen.storyboard in Resources */ = {isa = PBXBuildFile; fileRef = DE3AC84F27DA32B400C65B65 /* LaunchScreen.storyboard */; };
		DE3AC85A27DA32E100C65B65 /* SnapKit in Frameworks */ = {isa = PBXBuildFile; productRef = DE3AC85927DA32E100C65B65 /* SnapKit */; };
		DE3AC85D27DA331900C65B65 /* Alamofire in Frameworks */ = {isa = PBXBuildFile; productRef = DE3AC85C27DA331900C65B65 /* Alamofire */; };
		DE3AC85F27DA33AB00C65B65 /* TabBarController.swift in Sources */ = {isa = PBXBuildFile; fileRef = DE3AC85E27DA33AB00C65B65 /* TabBarController.swift */; };
		DE3AC86227DA35B100C65B65 /* translateViewController.swift in Sources */ = {isa = PBXBuildFile; fileRef = DE3AC86127DA35B100C65B65 /* translateViewController.swift */; };
		DE3AC86427DA388700C65B65 /* UIColor+.swift in Sources */ = {isa = PBXBuildFile; fileRef = DE3AC86327DA388700C65B65 /* UIColor+.swift */; };
		DE3AC86627DA3E9E00C65B65 /* SourceTextViewController.swift in Sources */ = {isa = PBXBuildFile; fileRef = DE3AC86527DA3E9E00C65B65 /* SourceTextViewController.swift */; };
		DE3AC86827DA4AA800C65B65 /* Language.swift in Sources */ = {isa = PBXBuildFile; fileRef = DE3AC86727DA4AA800C65B65 /* Language.swift */; };
		DE7F14D127FC4B5C008411EF /* Bookmark.swift in Sources */ = {isa = PBXBuildFile; fileRef = DE7F14D027FC4B5C008411EF /* Bookmark.swift */; };
		DE7F14D527FC4D5D008411EF /* UserDefault+.swift in Sources */ = {isa = PBXBuildFile; fileRef = DE7F14D427FC4D5D008411EF /* UserDefault+.swift */; };
		DE7F14D727FC5001008411EF /* BookmarkListViewController.swift in Sources */ = {isa = PBXBuildFile; fileRef = DE7F14D627FC5001008411EF /* BookmarkListViewController.swift */; };
		DE7F14D927FC536A008411EF /* BookmarkCollectionViewCell.swift in Sources */ = {isa = PBXBuildFile; fileRef = DE7F14D827FC536A008411EF /* BookmarkCollectionViewCell.swift */; };
		DE7F14DB27FC558C008411EF /* BookmarkTextStackView.swift in Sources */ = {isa = PBXBuildFile; fileRef = DE7F14DA27FC558C008411EF /* BookmarkTextStackView.swift */; };
/* End PBXBuildFile section */

/* Begin PBXFileReference section */
		DE3AC84127DA32B200C65B65 /* Translate.app */ = {isa = PBXFileReference; explicitFileType = wrapper.application; includeInIndex = 0; path = Translate.app; sourceTree = BUILT_PRODUCTS_DIR; };
		DE3AC84427DA32B200C65B65 /* AppDelegate.swift */ = {isa = PBXFileReference; lastKnownFileType = sourcecode.swift; path = AppDelegate.swift; sourceTree = "<group>"; };
		DE3AC84627DA32B200C65B65 /* SceneDelegate.swift */ = {isa = PBXFileReference; lastKnownFileType = sourcecode.swift; path = SceneDelegate.swift; sourceTree = "<group>"; };
		DE3AC84D27DA32B400C65B65 /* Assets.xcassets */ = {isa = PBXFileReference; lastKnownFileType = folder.assetcatalog; path = Assets.xcassets; sourceTree = "<group>"; };
		DE3AC85027DA32B400C65B65 /* Base */ = {isa = PBXFileReference; lastKnownFileType = file.storyboard; name = Base; path = Base.lproj/LaunchScreen.storyboard; sourceTree = "<group>"; };
		DE3AC85227DA32B400C65B65 /* Info.plist */ = {isa = PBXFileReference; lastKnownFileType = text.plist.xml; path = Info.plist; sourceTree = "<group>"; };
		DE3AC85E27DA33AB00C65B65 /* TabBarController.swift */ = {isa = PBXFileReference; lastKnownFileType = sourcecode.swift; path = TabBarController.swift; sourceTree = "<group>"; };
		DE3AC86127DA35B100C65B65 /* translateViewController.swift */ = {isa = PBXFileReference; lastKnownFileType = sourcecode.swift; path = translateViewController.swift; sourceTree = "<group>"; };
		DE3AC86327DA388700C65B65 /* UIColor+.swift */ = {isa = PBXFileReference; lastKnownFileType = sourcecode.swift; path = "UIColor+.swift"; sourceTree = "<group>"; };
		DE3AC86527DA3E9E00C65B65 /* SourceTextViewController.swift */ = {isa = PBXFileReference; lastKnownFileType = sourcecode.swift; path = SourceTextViewController.swift; sourceTree = "<group>"; };
		DE3AC86727DA4AA800C65B65 /* Language.swift */ = {isa = PBXFileReference; lastKnownFileType = sourcecode.swift; path = Language.swift; sourceTree = "<group>"; };
		DE7F14D027FC4B5C008411EF /* Bookmark.swift */ = {isa = PBXFileReference; lastKnownFileType = sourcecode.swift; path = Bookmark.swift; sourceTree = "<group>"; };
		DE7F14D427FC4D5D008411EF /* UserDefault+.swift */ = {isa = PBXFileReference; lastKnownFileType = sourcecode.swift; path = "UserDefault+.swift"; sourceTree = "<group>"; };
		DE7F14D627FC5001008411EF /* BookmarkListViewController.swift */ = {isa = PBXFileReference; lastKnownFileType = sourcecode.swift; path = BookmarkListViewController.swift; sourceTree = "<group>"; };
		DE7F14D827FC536A008411EF /* BookmarkCollectionViewCell.swift */ = {isa = PBXFileReference; lastKnownFileType = sourcecode.swift; path = BookmarkCollectionViewCell.swift; sourceTree = "<group>"; };
		DE7F14DA27FC558C008411EF /* BookmarkTextStackView.swift */ = {isa = PBXFileReference; lastKnownFileType = sourcecode.swift; path = BookmarkTextStackView.swift; sourceTree = "<group>"; };
/* End PBXFileReference section */

/* Begin PBXFrameworksBuildPhase section */
		DE3AC83E27DA32B200C65B65 /* Frameworks */ = {
			isa = PBXFrameworksBuildPhase;
			buildActionMask = 2147483647;
			files = (
				DE3AC85A27DA32E100C65B65 /* SnapKit in Frameworks */,
				DE3AC85D27DA331900C65B65 /* Alamofire in Frameworks */,
			);
			runOnlyForDeploymentPostprocessing = 0;
		};
/* End PBXFrameworksBuildPhase section */

/* Begin PBXGroup section */
		DE3AC83827DA32B200C65B65 = {
			isa = PBXGroup;
			children = (
				DE3AC84327DA32B200C65B65 /* Translate */,
				DE3AC84227DA32B200C65B65 /* Products */,
			);
			sourceTree = "<group>";
		};
		DE3AC84227DA32B200C65B65 /* Products */ = {
			isa = PBXGroup;
			children = (
				DE3AC84127DA32B200C65B65 /* Translate.app */,
			);
			name = Products;
			sourceTree = "<group>";
		};
		DE3AC84327DA32B200C65B65 /* Translate */ = {
			isa = PBXGroup;
			children = (
				DE3AC84427DA32B200C65B65 /* AppDelegate.swift */,
				DE3AC84627DA32B200C65B65 /* SceneDelegate.swift */,
				DE7F14D327FC4D2A008411EF /* Extension */,
				DE3AC86027DA359A00C65B65 /* ViewController */,
				DE3AC84D27DA32B400C65B65 /* Assets.xcassets */,
				DE3AC84F27DA32B400C65B65 /* LaunchScreen.storyboard */,
				DE3AC85227DA32B400C65B65 /* Info.plist */,
				DE3AC86727DA4AA800C65B65 /* Language.swift */,
				DE7F14D227FC4D0B008411EF /* New Group */,
			);
			path = Translate;
			sourceTree = "<group>";
		};
		DE3AC86027DA359A00C65B65 /* ViewController */ = {
			isa = PBXGroup;
			children = (
				DE3AC85E27DA33AB00C65B65 /* TabBarController.swift */,
				DE3AC86927DA4B0500C65B65 /* translate */,
				DE7F14D627FC5001008411EF /* BookmarkListViewController.swift */,
				DE7F14D827FC536A008411EF /* BookmarkCollectionViewCell.swift */,
				DE7F14DA27FC558C008411EF /* BookmarkTextStackView.swift */,
			);
			path = ViewController;
			sourceTree = "<group>";
		};
		DE3AC86927DA4B0500C65B65 /* translate */ = {
			isa = PBXGroup;
			children = (
				DE3AC86127DA35B100C65B65 /* translateViewController.swift */,
				DE3AC86527DA3E9E00C65B65 /* SourceTextViewController.swift */,
			);
			path = translate;
			sourceTree = "<group>";
		};
		DE7F14D227FC4D0B008411EF /* New Group */ = {
			isa = PBXGroup;
			children = (
			);
			path = "New Group";
			sourceTree = "<group>";
		};
		DE7F14D327FC4D2A008411EF /* Extension */ = {
			isa = PBXGroup;
			children = (
				DE3AC86327DA388700C65B65 /* UIColor+.swift */,
				DE7F14D027FC4B5C008411EF /* Bookmark.swift */,
				DE7F14D427FC4D5D008411EF /* UserDefault+.swift */,
			);
			path = Extension;
			sourceTree = "<group>";
		};
/* End PBXGroup section */

/* Begin PBXNativeTarget section */
		DE3AC84027DA32B200C65B65 /* Translate */ = {
			isa = PBXNativeTarget;
			buildConfigurationList = DE3AC85527DA32B400C65B65 /* Build configuration list for PBXNativeTarget "Translate" */;
			buildPhases = (
				DE3AC83D27DA32B200C65B65 /* Sources */,
				DE3AC83E27DA32B200C65B65 /* Frameworks */,
				DE3AC83F27DA32B200C65B65 /* Resources */,
			);
			buildRules = (
			);
			dependencies = (
			);
			name = Translate;
			packageProductDependencies = (
				DE3AC85927DA32E100C65B65 /* SnapKit */,
				DE3AC85C27DA331900C65B65 /* Alamofire */,
			);
			productName = Translate;
			productReference = DE3AC84127DA32B200C65B65 /* Translate.app */;
			productType = "com.apple.product-type.application";
		};
/* End PBXNativeTarget section */

/* Begin PBXProject section */
		DE3AC83927DA32B200C65B65 /* Project object */ = {
			isa = PBXProject;
			attributes = {
				BuildIndependentTargetsInParallel = 1;
				LastSwiftUpdateCheck = 1320;
				LastUpgradeCheck = 1320;
				TargetAttributes = {
					DE3AC84027DA32B200C65B65 = {
						CreatedOnToolsVersion = 13.2.1;
					};
				};
			};
			buildConfigurationList = DE3AC83C27DA32B200C65B65 /* Build configuration list for PBXProject "Translate" */;
			compatibilityVersion = "Xcode 13.0";
			developmentRegion = en;
			hasScannedForEncodings = 0;
			knownRegions = (
				en,
				Base,
			);
			mainGroup = DE3AC83827DA32B200C65B65;
			packageReferences = (
				DE3AC85827DA32E100C65B65 /* XCRemoteSwiftPackageReference "SnapKit" */,
				DE3AC85B27DA331900C65B65 /* XCRemoteSwiftPackageReference "Alamofire" */,
			);
			productRefGroup = DE3AC84227DA32B200C65B65 /* Products */;
			projectDirPath = "";
			projectRoot = "";
			targets = (
				DE3AC84027DA32B200C65B65 /* Translate */,
			);
		};
/* End PBXProject section */

/* Begin PBXResourcesBuildPhase section */
		DE3AC83F27DA32B200C65B65 /* Resources */ = {
			isa = PBXResourcesBuildPhase;
			buildActionMask = 2147483647;
			files = (
				DE3AC85127DA32B400C65B65 /* LaunchScreen.storyboard in Resources */,
				DE3AC84E27DA32B400C65B65 /* Assets.xcassets in Resources */,
			);
			runOnlyForDeploymentPostprocessing = 0;
		};
/* End PBXResourcesBuildPhase section */

/* Begin PBXSourcesBuildPhase section */
		DE3AC83D27DA32B200C65B65 /* Sources */ = {
			isa = PBXSourcesBuildPhase;
			buildActionMask = 2147483647;
			files = (
				DE3AC86227DA35B100C65B65 /* translateViewController.swift in Sources */,
				DE3AC85F27DA33AB00C65B65 /* TabBarController.swift in Sources */,
				DE3AC84527DA32B200C65B65 /* AppDelegate.swift in Sources */,
				DE3AC86827DA4AA800C65B65 /* Language.swift in Sources */,
				DE7F14D527FC4D5D008411EF /* UserDefault+.swift in Sources */,
				DE3AC84727DA32B200C65B65 /* SceneDelegate.swift in Sources */,
				DE3AC86427DA388700C65B65 /* UIColor+.swift in Sources */,
				DE3AC86627DA3E9E00C65B65 /* SourceTextViewController.swift in Sources */,
				DE7F14D727FC5001008411EF /* BookmarkListViewController.swift in Sources */,
				DE7F14D127FC4B5C008411EF /* Bookmark.swift in Sources */,
				DE7F14DB27FC558C008411EF /* BookmarkTextStackView.swift in Sources */,
				DE7F14D927FC536A008411EF /* BookmarkCollectionViewCell.swift in Sources */,
			);
			runOnlyForDeploymentPostprocessing = 0;
		};
/* End PBXSourcesBuildPhase section */

/* Begin PBXVariantGroup section */
		DE3AC84F27DA32B400C65B65 /* LaunchScreen.storyboard */ = {
			isa = PBXVariantGroup;
			children = (
				DE3AC85027DA32B400C65B65 /* Base */,
			);
			name = LaunchScreen.storyboard;
			sourceTree = "<group>";
		};
/* End PBXVariantGroup section */

/* Begin XCBuildConfiguration section */
		DE3AC85327DA32B400C65B65 /* Debug */ = {
			isa = XCBuildConfiguration;
			buildSettings = {
				ALWAYS_SEARCH_USER_PATHS = NO;
				CLANG_ANALYZER_NONNULL = YES;
				CLANG_ANALYZER_NUMBER_OBJECT_CONVERSION = YES_AGGRESSIVE;
				CLANG_CXX_LANGUAGE_STANDARD = "gnu++17";
				CLANG_CXX_LIBRARY = "libc++";
				CLANG_ENABLE_MODULES = YES;
				CLANG_ENABLE_OBJC_ARC = YES;
				CLANG_ENABLE_OBJC_WEAK = YES;
				CLANG_WARN_BLOCK_CAPTURE_AUTORELEASING = YES;
				CLANG_WARN_BOOL_CONVERSION = YES;
				CLANG_WARN_COMMA = YES;
				CLANG_WARN_CONSTANT_CONVERSION = YES;
				CLANG_WARN_DEPRECATED_OBJC_IMPLEMENTATIONS = YES;
				CLANG_WARN_DIRECT_OBJC_ISA_USAGE = YES_ERROR;
				CLANG_WARN_DOCUMENTATION_COMMENTS = YES;
				CLANG_WARN_EMPTY_BODY = YES;
				CLANG_WARN_ENUM_CONVERSION = YES;
				CLANG_WARN_INFINITE_RECURSION = YES;
				CLANG_WARN_INT_CONVERSION = YES;
				CLANG_WARN_NON_LITERAL_NULL_CONVERSION = YES;
				CLANG_WARN_OBJC_IMPLICIT_RETAIN_SELF = YES;
				CLANG_WARN_OBJC_LITERAL_CONVERSION = YES;
				CLANG_WARN_OBJC_ROOT_CLASS = YES_ERROR;
				CLANG_WARN_QUOTED_INCLUDE_IN_FRAMEWORK_HEADER = YES;
				CLANG_WARN_RANGE_LOOP_ANALYSIS = YES;
				CLANG_WARN_STRICT_PROTOTYPES = YES;
				CLANG_WARN_SUSPICIOUS_MOVE = YES;
				CLANG_WARN_UNGUARDED_AVAILABILITY = YES_AGGRESSIVE;
				CLANG_WARN_UNREACHABLE_CODE = YES;
				CLANG_WARN__DUPLICATE_METHOD_MATCH = YES;
				COPY_PHASE_STRIP = NO;
				DEBUG_INFORMATION_FORMAT = dwarf;
				ENABLE_STRICT_OBJC_MSGSEND = YES;
				ENABLE_TESTABILITY = YES;
				GCC_C_LANGUAGE_STANDARD = gnu11;
				GCC_DYNAMIC_NO_PIC = NO;
				GCC_NO_COMMON_BLOCKS = YES;
				GCC_OPTIMIZATION_LEVEL = 0;
				GCC_PREPROCESSOR_DEFINITIONS = (
					"DEBUG=1",
					"$(inherited)",
				);
				GCC_WARN_64_TO_32_BIT_CONVERSION = YES;
				GCC_WARN_ABOUT_RETURN_TYPE = YES_ERROR;
				GCC_WARN_UNDECLARED_SELECTOR = YES;
				GCC_WARN_UNINITIALIZED_AUTOS = YES_AGGRESSIVE;
				GCC_WARN_UNUSED_FUNCTION = YES;
				GCC_WARN_UNUSED_VARIABLE = YES;
				IPHONEOS_DEPLOYMENT_TARGET = 15.2;
				MTL_ENABLE_DEBUG_INFO = INCLUDE_SOURCE;
				MTL_FAST_MATH = YES;
				ONLY_ACTIVE_ARCH = YES;
				SDKROOT = iphoneos;
				SWIFT_ACTIVE_COMPILATION_CONDITIONS = DEBUG;
				SWIFT_OPTIMIZATION_LEVEL = "-Onone";
			};
			name = Debug;
		};
		DE3AC85427DA32B400C65B65 /* Release */ = {
			isa = XCBuildConfiguration;
			buildSettings = {
				ALWAYS_SEARCH_USER_PATHS = NO;
				CLANG_ANALYZER_NONNULL = YES;
				CLANG_ANALYZER_NUMBER_OBJECT_CONVERSION = YES_AGGRESSIVE;
				CLANG_CXX_LANGUAGE_STANDARD = "gnu++17";
				CLANG_CXX_LIBRARY = "libc++";
				CLANG_ENABLE_MODULES = YES;
				CLANG_ENABLE_OBJC_ARC = YES;
				CLANG_ENABLE_OBJC_WEAK = YES;
				CLANG_WARN_BLOCK_CAPTURE_AUTORELEASING = YES;
				CLANG_WARN_BOOL_CONVERSION = YES;
				CLANG_WARN_COMMA = YES;
				CLANG_WARN_CONSTANT_CONVERSION = YES;
				CLANG_WARN_DEPRECATED_OBJC_IMPLEMENTATIONS = YES;
				CLANG_WARN_DIRECT_OBJC_ISA_USAGE = YES_ERROR;
				CLANG_WARN_DOCUMENTATION_COMMENTS = YES;
				CLANG_WARN_EMPTY_BODY = YES;
				CLANG_WARN_ENUM_CONVERSION = YES;
				CLANG_WARN_INFINITE_RECURSION = YES;
				CLANG_WARN_INT_CONVERSION = YES;
				CLANG_WARN_NON_LITERAL_NULL_CONVERSION = YES;
				CLANG_WARN_OBJC_IMPLICIT_RETAIN_SELF = YES;
				CLANG_WARN_OBJC_LITERAL_CONVERSION = YES;
				CLANG_WARN_OBJC_ROOT_CLASS = YES_ERROR;
				CLANG_WARN_QUOTED_INCLUDE_IN_FRAMEWORK_HEADER = YES;
				CLANG_WARN_RANGE_LOOP_ANALYSIS = YES;
				CLANG_WARN_STRICT_PROTOTYPES = YES;
				CLANG_WARN_SUSPICIOUS_MOVE = YES;
				CLANG_WARN_UNGUARDED_AVAILABILITY = YES_AGGRESSIVE;
				CLANG_WARN_UNREACHABLE_CODE = YES;
				CLANG_WARN__DUPLICATE_METHOD_MATCH = YES;
				COPY_PHASE_STRIP = NO;
				DEBUG_INFORMATION_FORMAT = "dwarf-with-dsym";
				ENABLE_NS_ASSERTIONS = NO;
				ENABLE_STRICT_OBJC_MSGSEND = YES;
				GCC_C_LANGUAGE_STANDARD = gnu11;
				GCC_NO_COMMON_BLOCKS = YES;
				GCC_WARN_64_TO_32_BIT_CONVERSION = YES;
				GCC_WARN_ABOUT_RETURN_TYPE = YES_ERROR;
				GCC_WARN_UNDECLARED_SELECTOR = YES;
				GCC_WARN_UNINITIALIZED_AUTOS = YES_AGGRESSIVE;
				GCC_WARN_UNUSED_FUNCTION = YES;
				GCC_WARN_UNUSED_VARIABLE = YES;
				IPHONEOS_DEPLOYMENT_TARGET = 15.2;
				MTL_ENABLE_DEBUG_INFO = NO;
				MTL_FAST_MATH = YES;
				SDKROOT = iphoneos;
				SWIFT_COMPILATION_MODE = wholemodule;
				SWIFT_OPTIMIZATION_LEVEL = "-O";
				VALIDATE_PRODUCT = YES;
			};
			name = Release;
		};
		DE3AC85627DA32B400C65B65 /* Debug */ = {
			isa = XCBuildConfiguration;
			buildSettings = {
				ASSETCATALOG_COMPILER_APPICON_NAME = AppIcon;
				ASSETCATALOG_COMPILER_GLOBAL_ACCENT_COLOR_NAME = AccentColor;
				CODE_SIGN_STYLE = Automatic;
				CURRENT_PROJECT_VERSION = 1;
				DEVELOPMENT_TEAM = J74H985T9L;
				GENERATE_INFOPLIST_FILE = YES;
				INFOPLIST_FILE = Translate/Info.plist;
				INFOPLIST_KEY_UIApplicationSupportsIndirectInputEvents = YES;
				INFOPLIST_KEY_UILaunchStoryboardName = LaunchScreen;
				INFOPLIST_KEY_UISupportedInterfaceOrientations_iPad = "UIInterfaceOrientationPortrait UIInterfaceOrientationPortraitUpsideDown UIInterfaceOrientationLandscapeLeft UIInterfaceOrientationLandscapeRight";
				INFOPLIST_KEY_UISupportedInterfaceOrientations_iPhone = "UIInterfaceOrientationPortrait UIInterfaceOrientationLandscapeLeft UIInterfaceOrientationLandscapeRight";
				LD_RUNPATH_SEARCH_PATHS = (
					"$(inherited)",
					"@executable_path/Frameworks",
				);
				MARKETING_VERSION = 1.0;
				PRODUCT_BUNDLE_IDENTIFIER = com.terry.Translate;
				PRODUCT_NAME = "$(TARGET_NAME)";
				SWIFT_EMIT_LOC_STRINGS = YES;
				SWIFT_VERSION = 5.0;
				TARGETED_DEVICE_FAMILY = "1,2";
			};
			name = Debug;
		};
		DE3AC85727DA32B400C65B65 /* Release */ = {
			isa = XCBuildConfiguration;
			buildSettings = {
				ASSETCATALOG_COMPILER_APPICON_NAME = AppIcon;
				ASSETCATALOG_COMPILER_GLOBAL_ACCENT_COLOR_NAME = AccentColor;
				CODE_SIGN_STYLE = Automatic;
				CURRENT_PROJECT_VERSION = 1;
				DEVELOPMENT_TEAM = J74H985T9L;
				GENERATE_INFOPLIST_FILE = YES;
				INFOPLIST_FILE = Translate/Info.plist;
				INFOPLIST_KEY_UIApplicationSupportsIndirectInputEvents = YES;
				INFOPLIST_KEY_UILaunchStoryboardName = LaunchScreen;
				INFOPLIST_KEY_UISupportedInterfaceOrientations_iPad = "UIInterfaceOrientationPortrait UIInterfaceOrientationPortraitUpsideDown UIInterfaceOrientationLandscapeLeft UIInterfaceOrientationLandscapeRight";
				INFOPLIST_KEY_UISupportedInterfaceOrientations_iPhone = "UIInterfaceOrientationPortrait UIInterfaceOrientationLandscapeLeft UIInterfaceOrientationLandscapeRight";
				LD_RUNPATH_SEARCH_PATHS = (
					"$(inherited)",
					"@executable_path/Frameworks",
				);
				MARKETING_VERSION = 1.0;
				PRODUCT_BUNDLE_IDENTIFIER = com.terry.Translate;
				PRODUCT_NAME = "$(TARGET_NAME)";
				SWIFT_EMIT_LOC_STRINGS = YES;
				SWIFT_VERSION = 5.0;
				TARGETED_DEVICE_FAMILY = "1,2";
			};
			name = Release;
		};
/* End XCBuildConfiguration section */

/* Begin XCConfigurationList section */
		DE3AC83C27DA32B200C65B65 /* Build configuration list for PBXProject "Translate" */ = {
			isa = XCConfigurationList;
			buildConfigurations = (
				DE3AC85327DA32B400C65B65 /* Debug */,
				DE3AC85427DA32B400C65B65 /* Release */,
			);
			defaultConfigurationIsVisible = 0;
			defaultConfigurationName = Release;
		};
		DE3AC85527DA32B400C65B65 /* Build configuration list for PBXNativeTarget "Translate" */ = {
			isa = XCConfigurationList;
			buildConfigurations = (
				DE3AC85627DA32B400C65B65 /* Debug */,
				DE3AC85727DA32B400C65B65 /* Release */,
			);
			defaultConfigurationIsVisible = 0;
			defaultConfigurationName = Release;
		};
/* End XCConfigurationList section */

/* Begin XCRemoteSwiftPackageReference section */
		DE3AC85827DA32E100C65B65 /* XCRemoteSwiftPackageReference "SnapKit" */ = {
			isa = XCRemoteSwiftPackageReference;
			repositoryURL = "https://github.com/SnapKit/SnapKit";
			requirement = {
				kind = upToNextMajorVersion;
				minimumVersion = 5.0.0;
			};
		};
		DE3AC85B27DA331900C65B65 /* XCRemoteSwiftPackageReference "Alamofire" */ = {
			isa = XCRemoteSwiftPackageReference;
			repositoryURL = "https://github.com/Alamofire/Alamofire.git";
			requirement = {
				kind = upToNextMajorVersion;
				minimumVersion = 5.0.0;
			};
		};
/* End XCRemoteSwiftPackageReference section */

/* Begin XCSwiftPackageProductDependency section */
		DE3AC85927DA32E100C65B65 /* SnapKit */ = {
			isa = XCSwiftPackageProductDependency;
			package = DE3AC85827DA32E100C65B65 /* XCRemoteSwiftPackageReference "SnapKit" */;
			productName = SnapKit;
		};
		DE3AC85C27DA331900C65B65 /* Alamofire */ = {
			isa = XCSwiftPackageProductDependency;
			package = DE3AC85B27DA331900C65B65 /* XCRemoteSwiftPackageReference "Alamofire" */;
			productName = Alamofire;
		};
/* End XCSwiftPackageProductDependency section */
	};
	rootObject = DE3AC83927DA32B200C65B65 /* Project object */;
}
